
Microsoft Visual Studio Solution File, Format Version 12.00
# Visual Studio Version 16
VisualStudioVersion = 16.0.31702.278
MinimumVisualStudioVersion = 10.0.40219.1
Project("{FAE04EC0-301F-11D3-BF4B-00C04F79EFBC}") = "Demo_Assemblies", "Demo_Assemblies.csproj", "{5778C299-24C4-4CAD-93AF-A92358E6157F}"
EndProject
Global
	GlobalSection(SolutionConfigurationPlatforms) = preSolution
		Debug|Any CPU = Debug|Any CPU
		Release|Any CPU = Release|Any CPU
	EndGlobalSection
	GlobalSection(ProjectConfigurationPlatforms) = postSolution
		{5778C299-24C4-4CAD-93AF-A92358E6157F}.Debug|Any CPU.ActiveCfg = Debug|Any CPU
		{5778C299-24C4-4CAD-93AF-A92358E6157F}.Debug|Any CPU.Build.0 = Debug|Any CPU
		{5778C299-24C4-4CAD-93AF-A92358E6157F}.Release|Any CPU.ActiveCfg = Release|Any CPU
		{5778C299-24C4-4CAD-93AF-A92358E6157F}.Release|Any CPU.Build.0 = Release|Any CPU
	EndGlobalSection
	GlobalSection(SolutionProperties) = preSolution
		HideSolutionNode = FALSE
	EndGlobalSection
	GlobalSection(ExtensibilityGlobals) = postSolution
		SolutionGuid = {9CD3CA88-FA31-4153-8DE9-4BE6D69B5E32}
	EndGlobalSection
EndGlobal
